
Microsoft Visual Studio Solution File, Format Version 12.00
# Visual Studio Version 16
VisualStudioVersion = 16.0.29519.161
MinimumVisualStudioVersion = 10.0.40219.1
Project("{9A19103F-16F7-4668-BE54-9A1E7A4F7556}") = "IridiumLive", "IridiumLive\IridiumLive.csproj", "{ABBC0917-5926-4BB5-AD07-66937DC0D3E5}"
EndProject
Project("{9A19103F-16F7-4668-BE54-9A1E7A4F7556}") = "ComponentsLibrary", "ComponentsLibrary\ComponentsLibrary.csproj", "{0E5CD03C-1381-4CA7-B0EA-82AD736F067F}"
EndProject
Global
	GlobalSection(SolutionConfigurationPlatforms) = preSolution
		Debug|Any CPU = Debug|Any CPU
		Release|Any CPU = Release|Any CPU
	EndGlobalSection
	GlobalSection(ProjectConfigurationPlatforms) = postSolution
		{ABBC0917-5926-4BB5-AD07-66937DC0D3E5}.Debug|Any CPU.ActiveCfg = Debug|Any CPU
		{ABBC0917-5926-4BB5-AD07-66937DC0D3E5}.Debug|Any CPU.Build.0 = Debug|Any CPU
		{ABBC0917-5926-4BB5-AD07-66937DC0D3E5}.Release|Any CPU.ActiveCfg = Release|Any CPU
		{ABBC0917-5926-4BB5-AD07-66937DC0D3E5}.Release|Any CPU.Build.0 = Release|Any CPU
		{0E5CD03C-1381-4CA7-B0EA-82AD736F067F}.Debug|Any CPU.ActiveCfg = Debug|Any CPU
		{0E5CD03C-1381-4CA7-B0EA-82AD736F067F}.Debug|Any CPU.Build.0 = Debug|Any CPU
		{0E5CD03C-1381-4CA7-B0EA-82AD736F067F}.Release|Any CPU.ActiveCfg = Release|Any CPU
		{0E5CD03C-1381-4CA7-B0EA-82AD736F067F}.Release|Any CPU.Build.0 = Release|Any CPU
	EndGlobalSection
	GlobalSection(SolutionProperties) = preSolution
		HideSolutionNode = FALSE
	EndGlobalSection
	GlobalSection(ExtensibilityGlobals) = postSolution
		SolutionGuid = {A58A4CD4-817C-47D2-B4F9-62260EE4919B}
	EndGlobalSection
EndGlobal
